
Microsoft Visual Studio Solution File, Format Version 12.00
# Visual Studio Version 16
VisualStudioVersion = 16.0.31624.102
MinimumVisualStudioVersion = 10.0.40219.1
Project("{FAE04EC0-301F-11D3-BF4B-00C04F79EFBC}") = "Blyzniuk_Lab7.Server", "Server\Blyzniuk_Lab7.Server.csproj", "{12B9EBCF-1906-418B-8653-AB2534B27E64}"
EndProjectBlyzniuk_Lab7
Project("{FAE04EC0-301F-11D3-BF4B-00C04F79EFBC}") = "Blyzniuk_Lab7.Client", "Client\Blyzniuk_Lab7.Client.csproj", "{5153E8B8-88C2-490E-86FC-18A5F4D3277A}"
EndProject
Project("{FAE04EC0-301F-11D3-BF4B-00C04F79EFBC}") = "Blyzniuk_Lab7.Shared", "Shared\Blyzniuk_Lab7.Shared.csproj", "{2CC5C44F-D301-4F05-8392-035DDAF96539}"
EndProject
Global
	GlobalSection(SolutionConfigurationPlatforms) = preSolution
		Debug|Any CPU = Debug|Any CPU
		Release|Any CPU = Release|Any CPU
	EndGlobalSection
	GlobalSection(ProjectConfigurationPlatforms) = postSolution
		{12B9EBCF-1906-418B-8653-AB2534B27E64}.Debug|Any CPU.ActiveCfg = Debug|Any CPU
		{12B9EBCF-1906-418B-8653-AB2534B27E64}.Debug|Any CPU.Build.0 = Debug|Any CPU
		{12B9EBCF-1906-418B-8653-AB2534B27E64}.Release|Any CPU.ActiveCfg = Release|Any CPU
		{12B9EBCF-1906-418B-8653-AB2534B27E64}.Release|Any CPU.Build.0 = Release|Any CPU
		{5153E8B8-88C2-490E-86FC-18A5F4D3277A}.Debug|Any CPU.ActiveCfg = Debug|Any CPU
		{5153E8B8-88C2-490E-86FC-18A5F4D3277A}.Debug|Any CPU.Build.0 = Debug|Any CPU
		{5153E8B8-88C2-490E-86FC-18A5F4D3277A}.Release|Any CPU.ActiveCfg = Release|Any CPU
		{5153E8B8-88C2-490E-86FC-18A5F4D3277A}.Release|Any CPU.Build.0 = Release|Any CPU
		{2CC5C44F-D301-4F05-8392-035DDAF96539}.Debug|Any CPU.ActiveCfg = Debug|Any CPU
		{2CC5C44F-D301-4F05-8392-035DDAF96539}.Debug|Any CPU.Build.0 = Debug|Any CPU
		{2CC5C44F-D301-4F05-8392-035DDAF96539}.Release|Any CPU.ActiveCfg = Release|Any CPU
		{2CC5C44F-D301-4F05-8392-035DDAF96539}.Release|Any CPU.Build.0 = Release|Any CPU
	EndGlobalSection
	GlobalSection(SolutionProperties) = preSolution
		HideSolutionNode = FALSE
	EndGlobalSection
	GlobalSection(ExtensibilityGlobals) = postSolution
		SolutionGuid = {1CD20150-20BF-4B6E-933D-89941944BE09}
	EndGlobalSection
EndGlobal
